
Microsoft Visual Studio Solution File, Format Version 12.00
# Visual Studio 14
VisualStudioVersion = 14.0.25420.1
MinimumVisualStudioVersion = 10.0.40219.1
Project("{F088123C-0E9E-452A-89E6-6BA2F21D5CAC}") = "class diagram", "class diagram\class diagram.modelproj", "{392174F6-D357-4BA1-AD07-69BA0649D746}"
EndProject
Project("{FAE04EC0-301F-11D3-BF4B-00C04F79EFBC}") = "class diagramLib", "class diagramLib\class diagramLib.csproj", "{EA3DC17D-B86A-4BEC-91EF-605E29076C59}"
EndProject
Project("{FAE04EC0-301F-11D3-BF4B-00C04F79EFBC}") = "Footap", "Footap\Footap.csproj", "{38A5626C-6ABB-4E46-829E-233166987308}"
EndProject
Global
	GlobalSection(SolutionConfigurationPlatforms) = preSolution
		Debug|Any CPU = Debug|Any CPU
		Debug|ARM = Debug|ARM
		Debug|x64 = Debug|x64
		Debug|x86 = Debug|x86
		Release|Any CPU = Release|Any CPU
		Release|ARM = Release|ARM
		Release|x64 = Release|x64
		Release|x86 = Release|x86
	EndGlobalSection
	GlobalSection(ProjectConfigurationPlatforms) = postSolution
		{392174F6-D357-4BA1-AD07-69BA0649D746}.Debug|Any CPU.ActiveCfg = Debug|Any CPU
		{392174F6-D357-4BA1-AD07-69BA0649D746}.Debug|Any CPU.Build.0 = Debug|Any CPU
		{392174F6-D357-4BA1-AD07-69BA0649D746}.Debug|ARM.ActiveCfg = Debug|Any CPU
		{392174F6-D357-4BA1-AD07-69BA0649D746}.Debug|ARM.Build.0 = Debug|Any CPU
		{392174F6-D357-4BA1-AD07-69BA0649D746}.Debug|x64.ActiveCfg = Debug|Any CPU
		{392174F6-D357-4BA1-AD07-69BA0649D746}.Debug|x64.Build.0 = Debug|Any CPU
		{392174F6-D357-4BA1-AD07-69BA0649D746}.Debug|x86.ActiveCfg = Debug|Any CPU
		{392174F6-D357-4BA1-AD07-69BA0649D746}.Debug|x86.Build.0 = Debug|Any CPU
		{392174F6-D357-4BA1-AD07-69BA0649D746}.Release|Any CPU.ActiveCfg = Release|Any CPU
		{392174F6-D357-4BA1-AD07-69BA0649D746}.Release|Any CPU.Build.0 = Release|Any CPU
		{392174F6-D357-4BA1-AD07-69BA0649D746}.Release|ARM.ActiveCfg = Release|Any CPU
		{392174F6-D357-4BA1-AD07-69BA0649D746}.Release|ARM.Build.0 = Release|Any CPU
		{392174F6-D357-4BA1-AD07-69BA0649D746}.Release|x64.ActiveCfg = Release|Any CPU
		{392174F6-D357-4BA1-AD07-69BA0649D746}.Release|x64.Build.0 = Release|Any CPU
		{392174F6-D357-4BA1-AD07-69BA0649D746}.Release|x86.ActiveCfg = Release|Any CPU
		{392174F6-D357-4BA1-AD07-69BA0649D746}.Release|x86.Build.0 = Release|Any CPU
		{EA3DC17D-B86A-4BEC-91EF-605E29076C59}.Debug|Any CPU.ActiveCfg = Debug|Any CPU
		{EA3DC17D-B86A-4BEC-91EF-605E29076C59}.Debug|Any CPU.Build.0 = Debug|Any CPU
		{EA3DC17D-B86A-4BEC-91EF-605E29076C59}.Debug|ARM.ActiveCfg = Debug|Any CPU
		{EA3DC17D-B86A-4BEC-91EF-605E29076C59}.Debug|ARM.Build.0 = Debug|Any CPU
		{EA3DC17D-B86A-4BEC-91EF-605E29076C59}.Debug|x64.ActiveCfg = Debug|Any CPU
		{EA3DC17D-B86A-4BEC-91EF-605E29076C59}.Debug|x64.Build.0 = Debug|Any CPU
		{EA3DC17D-B86A-4BEC-91EF-605E29076C59}.Debug|x86.ActiveCfg = Debug|Any CPU
		{EA3DC17D-B86A-4BEC-91EF-605E29076C59}.Debug|x86.Build.0 = Debug|Any CPU
		{EA3DC17D-B86A-4BEC-91EF-605E29076C59}.Release|Any CPU.ActiveCfg = Release|Any CPU
		{EA3DC17D-B86A-4BEC-91EF-605E29076C59}.Release|Any CPU.Build.0 = Release|Any CPU
		{EA3DC17D-B86A-4BEC-91EF-605E29076C59}.Release|ARM.ActiveCfg = Release|Any CPU
		{EA3DC17D-B86A-4BEC-91EF-605E29076C59}.Release|ARM.Build.0 = Release|Any CPU
		{EA3DC17D-B86A-4BEC-91EF-605E29076C59}.Release|x64.ActiveCfg = Release|Any CPU
		{EA3DC17D-B86A-4BEC-91EF-605E29076C59}.Release|x64.Build.0 = Release|Any CPU
		{EA3DC17D-B86A-4BEC-91EF-605E29076C59}.Release|x86.ActiveCfg = Release|Any CPU
		{EA3DC17D-B86A-4BEC-91EF-605E29076C59}.Release|x86.Build.0 = Release|Any CPU
		{38A5626C-6ABB-4E46-829E-233166987308}.Debug|Any CPU.ActiveCfg = Debug|x86
		{38A5626C-6ABB-4E46-829E-233166987308}.Debug|Any CPU.Build.0 = Debug|x86
		{38A5626C-6ABB-4E46-829E-233166987308}.Debug|Any CPU.Deploy.0 = Debug|x86
		{38A5626C-6ABB-4E46-829E-233166987308}.Debug|ARM.ActiveCfg = Debug|ARM
		{38A5626C-6ABB-4E46-829E-233166987308}.Debug|ARM.Build.0 = Debug|ARM
		{38A5626C-6ABB-4E46-829E-233166987308}.Debug|ARM.Deploy.0 = Debug|ARM
		{38A5626C-6ABB-4E46-829E-233166987308}.Debug|x64.ActiveCfg = Debug|x64
		{38A5626C-6ABB-4E46-829E-233166987308}.Debug|x64.Build.0 = Debug|x64
		{38A5626C-6ABB-4E46-829E-233166987308}.Debug|x64.Deploy.0 = Debug|x64
		{38A5626C-6ABB-4E46-829E-233166987308}.Debug|x86.ActiveCfg = Debug|x86
		{38A5626C-6ABB-4E46-829E-233166987308}.Debug|x86.Build.0 = Debug|x86
		{38A5626C-6ABB-4E46-829E-233166987308}.Debug|x86.Deploy.0 = Debug|x86
		{38A5626C-6ABB-4E46-829E-233166987308}.Release|Any CPU.ActiveCfg = Release|x86
		{38A5626C-6ABB-4E46-829E-233166987308}.Release|ARM.ActiveCfg = Release|ARM
		{38A5626C-6ABB-4E46-829E-233166987308}.Release|ARM.Build.0 = Release|ARM
		{38A5626C-6ABB-4E46-829E-233166987308}.Release|ARM.Deploy.0 = Release|ARM
		{38A5626C-6ABB-4E46-829E-233166987308}.Release|x64.ActiveCfg = Release|x64
		{38A5626C-6ABB-4E46-829E-233166987308}.Release|x64.Build.0 = Release|x64
		{38A5626C-6ABB-4E46-829E-233166987308}.Release|x64.Deploy.0 = Release|x64
		{38A5626C-6ABB-4E46-829E-233166987308}.Release|x86.ActiveCfg = Release|x86
		{38A5626C-6ABB-4E46-829E-233166987308}.Release|x86.Build.0 = Release|x86
		{38A5626C-6ABB-4E46-829E-233166987308}.Release|x86.Deploy.0 = Release|x86
	EndGlobalSection
	GlobalSection(SolutionProperties) = preSolution
		HideSolutionNode = FALSE
	EndGlobalSection
EndGlobal
